// !$*UTF8*$!
{
	archiveVersion = 1;
	classes = {
	};
	objectVersion = 50;
	objects = {

/* Begin PBXBuildFile section */
		3847511E25FF8962001DB3B9 /* LaunchScreen.storyboard in Resources */ = {isa = PBXBuildFile; fileRef = 3847511D25FF8962001DB3B9 /* LaunchScreen.storyboard */; };
		3847512325FF8CAE001DB3B9 /* Home.storyboard in Resources */ = {isa = PBXBuildFile; fileRef = 3847512225FF8CAE001DB3B9 /* Home.storyboard */; };
		3847513C26006741001DB3B9 /* HomeListingCell.swift in Sources */ = {isa = PBXBuildFile; fileRef = 3847513B26006741001DB3B9 /* HomeListingCell.swift */; };
		3847513F26006805001DB3B9 /* HomeListingCell.xib in Resources */ = {isa = PBXBuildFile; fileRef = 3847513E26006805001DB3B9 /* HomeListingCell.xib */; };
		38475167260082CB001DB3B9 /* RequestComposer.swift in Sources */ = {isa = PBXBuildFile; fileRef = 3847515B260082CB001DB3B9 /* RequestComposer.swift */; };
		38475168260082CB001DB3B9 /* Request.swift in Sources */ = {isa = PBXBuildFile; fileRef = 3847515C260082CB001DB3B9 /* Request.swift */; };
		38475169260082CB001DB3B9 /* RequestComposerProtocol.swift in Sources */ = {isa = PBXBuildFile; fileRef = 3847515D260082CB001DB3B9 /* RequestComposerProtocol.swift */; };
		3847516A260082CB001DB3B9 /* Query.swift in Sources */ = {isa = PBXBuildFile; fileRef = 3847515F260082CB001DB3B9 /* Query.swift */; };
		3847516B260082CB001DB3B9 /* NetworkingError.swift in Sources */ = {isa = PBXBuildFile; fileRef = 38475160260082CB001DB3B9 /* NetworkingError.swift */; };
		3847516C260082CB001DB3B9 /* JSONEncryptor.swift in Sources */ = {isa = PBXBuildFile; fileRef = 38475161260082CB001DB3B9 /* JSONEncryptor.swift */; };
		3847516D260082CB001DB3B9 /* HTTPMethod.swift in Sources */ = {isa = PBXBuildFile; fileRef = 38475162260082CB001DB3B9 /* HTTPMethod.swift */; };
		3847516E260082CB001DB3B9 /* API.swift in Sources */ = {isa = PBXBuildFile; fileRef = 38475163260082CB001DB3B9 /* API.swift */; };
		3847516F260082CB001DB3B9 /* Router.swift in Sources */ = {isa = PBXBuildFile; fileRef = 38475165260082CB001DB3B9 /* Router.swift */; };
		38475170260082CB001DB3B9 /* RouterProtocol.swift in Sources */ = {isa = PBXBuildFile; fileRef = 38475166260082CB001DB3B9 /* RouterProtocol.swift */; };
		38475176260082F9001DB3B9 /* Apis.swift in Sources */ = {isa = PBXBuildFile; fileRef = 38475175260082F9001DB3B9 /* Apis.swift */; };
		3847517E26009827001DB3B9 /* Constant.swift in Sources */ = {isa = PBXBuildFile; fileRef = 3847517D26009826001DB3B9 /* Constant.swift */; };
		38497F1A26036BC100485D96 /* Login.swift in Sources */ = {isa = PBXBuildFile; fileRef = 38497F1926036BC100485D96 /* Login.swift */; };
		38497F212603712600485D96 /* NavigationController.swift in Sources */ = {isa = PBXBuildFile; fileRef = 38497F202603712600485D96 /* NavigationController.swift */; };
		38497F2E26046D3100485D96 /* UserData.swift in Sources */ = {isa = PBXBuildFile; fileRef = 38497F2C26046D3100485D96 /* UserData.swift */; };
		38497F2F26046D3100485D96 /* UsersListBase.swift in Sources */ = {isa = PBXBuildFile; fileRef = 38497F2D26046D3100485D96 /* UsersListBase.swift */; };
		38497F3826049B5D00485D96 /* Loader.swift in Sources */ = {isa = PBXBuildFile; fileRef = 38497F3726049B5D00485D96 /* Loader.swift */; };
		3875D1132609C288009FC464 /* HoneyWellLocalizationTests.swift in Sources */ = {isa = PBXBuildFile; fileRef = 3875D1122609C288009FC464 /* HoneyWellLocalizationTests.swift */; };
		3875D1202609D7AB009FC464 /* HoneyWellLocalizationUITests.swift in Sources */ = {isa = PBXBuildFile; fileRef = 3875D11F2609D7AB009FC464 /* HoneyWellLocalizationUITests.swift */; };
		38C481302600A3B000C7B882 /* UserDefaults+Extension.swift in Sources */ = {isa = PBXBuildFile; fileRef = 38C4812F2600A3B000C7B882 /* UserDefaults+Extension.swift */; };
		38C481332600A45600C7B882 /* LanguageSelectionViewController.swift in Sources */ = {isa = PBXBuildFile; fileRef = 38C481322600A45600C7B882 /* LanguageSelectionViewController.swift */; };
		38C481362600A64700C7B882 /* UINavigationButton+Extension.swift in Sources */ = {isa = PBXBuildFile; fileRef = 38C481352600A64700C7B882 /* UINavigationButton+Extension.swift */; };
		38C4813B2600C2E100C7B882 /* Storyboard+Extension.swift in Sources */ = {isa = PBXBuildFile; fileRef = 38C4813A2600C2E100C7B882 /* Storyboard+Extension.swift */; };
		38C481422600CA0E00C7B882 /* LoginSignup.storyboard in Resources */ = {isa = PBXBuildFile; fileRef = 38C481412600CA0E00C7B882 /* LoginSignup.storyboard */; };
		38C481482600CB8E00C7B882 /* LoginViewController.swift in Sources */ = {isa = PBXBuildFile; fileRef = 38C481472600CB8E00C7B882 /* LoginViewController.swift */; };
		38C4814B2600D0AA00C7B882 /* String+Extension.swift in Sources */ = {isa = PBXBuildFile; fileRef = 38C4814A2600D0AA00C7B882 /* String+Extension.swift */; };
		38C481502600EE1D00C7B882 /* UITableView+Extension.swift in Sources */ = {isa = PBXBuildFile; fileRef = 38C4814F2600EE1D00C7B882 /* UITableView+Extension.swift */; };
		38C4815A2601C4E400C7B882 /* TableViewController.swift in Sources */ = {isa = PBXBuildFile; fileRef = 38C481592601C4E400C7B882 /* TableViewController.swift */; };
		38C4815D2601C62300C7B882 /* Enums.swift in Sources */ = {isa = PBXBuildFile; fileRef = 38C4815C2601C62300C7B882 /* Enums.swift */; };
		38C481652601DA3A00C7B882 /* UITextField+Extensions.swift in Sources */ = {isa = PBXBuildFile; fileRef = 38C481642601DA3A00C7B882 /* UITextField+Extensions.swift */; };
		38C4816C2601DA8600C7B882 /* Validators.swift in Sources */ = {isa = PBXBuildFile; fileRef = 38C4816B2601DA8600C7B882 /* Validators.swift */; };
		38C4816F2601DD6100C7B882 /* UIViewController+Extension.swift in Sources */ = {isa = PBXBuildFile; fileRef = 38C4816E2601DD6100C7B882 /* UIViewController+Extension.swift */; };
		9E1CE2FD239FC67D008119E2 /* Localizable.strings in Resources */ = {isa = PBXBuildFile; fileRef = 9E1CE2FB239FC67D008119E2 /* Localizable.strings */; };
		9E1CE304239FD51B008119E2 /* Localizable.strings in Resources */ = {isa = PBXBuildFile; fileRef = 9E1CE302239FD51B008119E2 /* Localizable.strings */; };
		9E1CE306239FEA26008119E2 /* ReadMe.md in Resources */ = {isa = PBXBuildFile; fileRef = 9E1CE305239FEA25008119E2 /* ReadMe.md */; };
		9E31594A23995CFD00F78662 /* AppDelegate.swift in Sources */ = {isa = PBXBuildFile; fileRef = 9E31594923995CFD00F78662 /* AppDelegate.swift */; };
		9E31595123995D0100F78662 /* Assets.xcassets in Resources */ = {isa = PBXBuildFile; fileRef = 9E31595023995D0100F78662 /* Assets.xcassets */; };
		9E3159602399622B00F78662 /* HomeViewController.swift in Sources */ = {isa = PBXBuildFile; fileRef = 9E31595E2399622B00F78662 /* HomeViewController.swift */; };
		9E3159632399648B00F78662 /* HWLocalization.swift in Sources */ = {isa = PBXBuildFile; fileRef = 9E3159622399648B00F78662 /* HWLocalization.swift */; };
		9E315967239965F000F78662 /* HWLocalizationManager.swift in Sources */ = {isa = PBXBuildFile; fileRef = 9E315966239965F000F78662 /* HWLocalizationManager.swift */; };
		9E31596C239967E900F78662 /* LanguageController.swift in Sources */ = {isa = PBXBuildFile; fileRef = 9E31596A239967E900F78662 /* LanguageController.swift */; };
		9E31596D239967E900F78662 /* LanguagePickerView.swift in Sources */ = {isa = PBXBuildFile; fileRef = 9E31596B239967E900F78662 /* LanguagePickerView.swift */; };
		9E3159712399699000F78662 /* HWLanguageServiceManager.swift in Sources */ = {isa = PBXBuildFile; fileRef = 9E3159702399699000F78662 /* HWLanguageServiceManager.swift */; };
/* End PBXBuildFile section */

/* Begin PBXContainerItemProxy section */
		3875D1152609C288009FC464 /* PBXContainerItemProxy */ = {
			isa = PBXContainerItemProxy;
			containerPortal = 9E31593E23995CFC00F78662 /* Project object */;
			proxyType = 1;
			remoteGlobalIDString = 9E31594523995CFD00F78662;
			remoteInfo = HoneyWellLocalization;
		};
/* End PBXContainerItemProxy section */

/* Begin PBXFileReference section */
		3847511D25FF8962001DB3B9 /* LaunchScreen.storyboard */ = {isa = PBXFileReference; lastKnownFileType = file.storyboard; path = LaunchScreen.storyboard; sourceTree = "<group>"; };
		3847512225FF8CAE001DB3B9 /* Home.storyboard */ = {isa = PBXFileReference; lastKnownFileType = file.storyboard; path = Home.storyboard; sourceTree = "<group>"; };
		3847513B26006741001DB3B9 /* HomeListingCell.swift */ = {isa = PBXFileReference; fileEncoding = 4; lastKnownFileType = sourcecode.swift; path = HomeListingCell.swift; sourceTree = "<group>"; };
		3847513E26006805001DB3B9 /* HomeListingCell.xib */ = {isa = PBXFileReference; fileEncoding = 4; lastKnownFileType = file.xib; path = HomeListingCell.xib; sourceTree = "<group>"; };
		3847515B260082CB001DB3B9 /* RequestComposer.swift */ = {isa = PBXFileReference; fileEncoding = 4; lastKnownFileType = sourcecode.swift; path = RequestComposer.swift; sourceTree = "<group>"; };
		3847515C260082CB001DB3B9 /* Request.swift */ = {isa = PBXFileReference; fileEncoding = 4; lastKnownFileType = sourcecode.swift; path = Request.swift; sourceTree = "<group>"; };
		3847515D260082CB001DB3B9 /* RequestComposerProtocol.swift */ = {isa = PBXFileReference; fileEncoding = 4; lastKnownFileType = sourcecode.swift; path = RequestComposerProtocol.swift; sourceTree = "<group>"; };
		3847515F260082CB001DB3B9 /* Query.swift */ = {isa = PBXFileReference; fileEncoding = 4; lastKnownFileType = sourcecode.swift; path = Query.swift; sourceTree = "<group>"; };
		38475160260082CB001DB3B9 /* NetworkingError.swift */ = {isa = PBXFileReference; fileEncoding = 4; lastKnownFileType = sourcecode.swift; path = NetworkingError.swift; sourceTree = "<group>"; };
		38475161260082CB001DB3B9 /* JSONEncryptor.swift */ = {isa = PBXFileReference; fileEncoding = 4; lastKnownFileType = sourcecode.swift; path = JSONEncryptor.swift; sourceTree = "<group>"; };
		38475162260082CB001DB3B9 /* HTTPMethod.swift */ = {isa = PBXFileReference; fileEncoding = 4; lastKnownFileType = sourcecode.swift; path = HTTPMethod.swift; sourceTree = "<group>"; };
		38475163260082CB001DB3B9 /* API.swift */ = {isa = PBXFileReference; fileEncoding = 4; lastKnownFileType = sourcecode.swift; path = API.swift; sourceTree = "<group>"; };
		38475165260082CB001DB3B9 /* Router.swift */ = {isa = PBXFileReference; fileEncoding = 4; lastKnownFileType = sourcecode.swift; path = Router.swift; sourceTree = "<group>"; };
		38475166260082CB001DB3B9 /* RouterProtocol.swift */ = {isa = PBXFileReference; fileEncoding = 4; lastKnownFileType = sourcecode.swift; path = RouterProtocol.swift; sourceTree = "<group>"; };
		38475175260082F9001DB3B9 /* Apis.swift */ = {isa = PBXFileReference; fileEncoding = 4; lastKnownFileType = sourcecode.swift; path = Apis.swift; sourceTree = "<group>"; };
		3847517D26009826001DB3B9 /* Constant.swift */ = {isa = PBXFileReference; fileEncoding = 4; lastKnownFileType = sourcecode.swift; path = Constant.swift; sourceTree = "<group>"; };
		38497F1926036BC100485D96 /* Login.swift */ = {isa = PBXFileReference; fileEncoding = 4; lastKnownFileType = sourcecode.swift; path = Login.swift; sourceTree = "<group>"; };
		38497F202603712600485D96 /* NavigationController.swift */ = {isa = PBXFileReference; fileEncoding = 4; lastKnownFileType = sourcecode.swift; path = NavigationController.swift; sourceTree = "<group>"; };
		38497F2C26046D3100485D96 /* UserData.swift */ = {isa = PBXFileReference; fileEncoding = 4; lastKnownFileType = sourcecode.swift; path = UserData.swift; sourceTree = "<group>"; };
		38497F2D26046D3100485D96 /* UsersListBase.swift */ = {isa = PBXFileReference; fileEncoding = 4; lastKnownFileType = sourcecode.swift; path = UsersListBase.swift; sourceTree = "<group>"; };
		38497F3726049B5D00485D96 /* Loader.swift */ = {isa = PBXFileReference; lastKnownFileType = sourcecode.swift; path = Loader.swift; sourceTree = "<group>"; };
		3875D1102609C288009FC464 /* HoneyWellLocalizationTests.xctest */ = {isa = PBXFileReference; explicitFileType = wrapper.cfbundle; includeInIndex = 0; path = HoneyWellLocalizationTests.xctest; sourceTree = BUILT_PRODUCTS_DIR; };
		3875D1122609C288009FC464 /* HoneyWellLocalizationTests.swift */ = {isa = PBXFileReference; lastKnownFileType = sourcecode.swift; path = HoneyWellLocalizationTests.swift; sourceTree = "<group>"; };
		3875D1142609C288009FC464 /* Info.plist */ = {isa = PBXFileReference; lastKnownFileType = text.plist.xml; path = Info.plist; sourceTree = "<group>"; };
		3875D11F2609D7AB009FC464 /* HoneyWellLocalizationUITests.swift */ = {isa = PBXFileReference; lastKnownFileType = sourcecode.swift; path = HoneyWellLocalizationUITests.swift; sourceTree = "<group>"; };
		38C4812F2600A3B000C7B882 /* UserDefaults+Extension.swift */ = {isa = PBXFileReference; fileEncoding = 4; lastKnownFileType = sourcecode.swift; path = "UserDefaults+Extension.swift"; sourceTree = "<group>"; };
		38C481322600A45600C7B882 /* LanguageSelectionViewController.swift */ = {isa = PBXFileReference; fileEncoding = 4; lastKnownFileType = sourcecode.swift; path = LanguageSelectionViewController.swift; sourceTree = "<group>"; };
		38C481352600A64700C7B882 /* UINavigationButton+Extension.swift */ = {isa = PBXFileReference; fileEncoding = 4; lastKnownFileType = sourcecode.swift; path = "UINavigationButton+Extension.swift"; sourceTree = "<group>"; };
		38C4813A2600C2E100C7B882 /* Storyboard+Extension.swift */ = {isa = PBXFileReference; fileEncoding = 4; lastKnownFileType = sourcecode.swift; path = "Storyboard+Extension.swift"; sourceTree = "<group>"; };
		38C481412600CA0E00C7B882 /* LoginSignup.storyboard */ = {isa = PBXFileReference; fileEncoding = 4; lastKnownFileType = file.storyboard; path = LoginSignup.storyboard; sourceTree = "<group>"; };
		38C481472600CB8E00C7B882 /* LoginViewController.swift */ = {isa = PBXFileReference; fileEncoding = 4; lastKnownFileType = sourcecode.swift; path = LoginViewController.swift; sourceTree = "<group>"; };
		38C4814A2600D0AA00C7B882 /* String+Extension.swift */ = {isa = PBXFileReference; fileEncoding = 4; lastKnownFileType = sourcecode.swift; path = "String+Extension.swift"; sourceTree = "<group>"; };
		38C4814F2600EE1D00C7B882 /* UITableView+Extension.swift */ = {isa = PBXFileReference; fileEncoding = 4; lastKnownFileType = sourcecode.swift; path = "UITableView+Extension.swift"; sourceTree = "<group>"; };
		38C481592601C4E400C7B882 /* TableViewController.swift */ = {isa = PBXFileReference; lastKnownFileType = sourcecode.swift; path = TableViewController.swift; sourceTree = "<group>"; };
		38C4815C2601C62300C7B882 /* Enums.swift */ = {isa = PBXFileReference; lastKnownFileType = sourcecode.swift; path = Enums.swift; sourceTree = "<group>"; };
		38C481642601DA3A00C7B882 /* UITextField+Extensions.swift */ = {isa = PBXFileReference; fileEncoding = 4; lastKnownFileType = sourcecode.swift; path = "UITextField+Extensions.swift"; sourceTree = "<group>"; };
		38C4816B2601DA8600C7B882 /* Validators.swift */ = {isa = PBXFileReference; fileEncoding = 4; lastKnownFileType = sourcecode.swift; path = Validators.swift; sourceTree = "<group>"; };
		38C4816E2601DD6100C7B882 /* UIViewController+Extension.swift */ = {isa = PBXFileReference; fileEncoding = 4; lastKnownFileType = sourcecode.swift; path = "UIViewController+Extension.swift"; sourceTree = "<group>"; };
		9E1CE2FC239FC67D008119E2 /* en */ = {isa = PBXFileReference; lastKnownFileType = text.plist.strings; name = en; path = Localizable.strings; sourceTree = "<group>"; };
		9E1CE303239FD51B008119E2 /* hi */ = {isa = PBXFileReference; lastKnownFileType = text.plist.strings; name = hi; path = Localizable.strings; sourceTree = "<group>"; };
		9E1CE305239FEA25008119E2 /* ReadMe.md */ = {isa = PBXFileReference; lastKnownFileType = net.daringfireball.markdown; path = ReadMe.md; sourceTree = "<group>"; };
		9E31594623995CFD00F78662 /* HoneyWellLocalization.app */ = {isa = PBXFileReference; explicitFileType = wrapper.application; includeInIndex = 0; path = HoneyWellLocalization.app; sourceTree = BUILT_PRODUCTS_DIR; };
		9E31594923995CFD00F78662 /* AppDelegate.swift */ = {isa = PBXFileReference; lastKnownFileType = sourcecode.swift; path = AppDelegate.swift; sourceTree = "<group>"; };
		9E31595023995D0100F78662 /* Assets.xcassets */ = {isa = PBXFileReference; lastKnownFileType = folder.assetcatalog; path = Assets.xcassets; sourceTree = "<group>"; };
		9E31595523995D0100F78662 /* Info.plist */ = {isa = PBXFileReference; lastKnownFileType = text.plist.xml; name = Info.plist; path = HoneyWellLocalization/Resources/Info.plist; sourceTree = SOURCE_ROOT; };
		9E31595E2399622B00F78662 /* HomeViewController.swift */ = {isa = PBXFileReference; lastKnownFileType = sourcecode.swift; path = HomeViewController.swift; sourceTree = "<group>"; };
		9E3159622399648B00F78662 /* HWLocalization.swift */ = {isa = PBXFileReference; lastKnownFileType = sourcecode.swift; path = HWLocalization.swift; sourceTree = "<group>"; };
		9E315966239965F000F78662 /* HWLocalizationManager.swift */ = {isa = PBXFileReference; lastKnownFileType = sourcecode.swift; path = HWLocalizationManager.swift; sourceTree = "<group>"; };
		9E31596A239967E900F78662 /* LanguageController.swift */ = {isa = PBXFileReference; fileEncoding = 4; lastKnownFileType = sourcecode.swift; path = LanguageController.swift; sourceTree = "<group>"; };
		9E31596B239967E900F78662 /* LanguagePickerView.swift */ = {isa = PBXFileReference; fileEncoding = 4; lastKnownFileType = sourcecode.swift; path = LanguagePickerView.swift; sourceTree = "<group>"; };
		9E3159702399699000F78662 /* HWLanguageServiceManager.swift */ = {isa = PBXFileReference; lastKnownFileType = sourcecode.swift; path = HWLanguageServiceManager.swift; sourceTree = "<group>"; };
/* End PBXFileReference section */

/* Begin PBXFrameworksBuildPhase section */
		3875D10D2609C288009FC464 /* Frameworks */ = {
			isa = PBXFrameworksBuildPhase;
			buildActionMask = 2147483647;
			files = (
			);
			runOnlyForDeploymentPostprocessing = 0;
		};
		9E31594323995CFD00F78662 /* Frameworks */ = {
			isa = PBXFrameworksBuildPhase;
			buildActionMask = 2147483647;
			files = (
			);
			runOnlyForDeploymentPostprocessing = 0;
		};
/* End PBXFrameworksBuildPhase section */

/* Begin PBXGroup section */
		3847512525FF8CB4001DB3B9 /* Storyboards */ = {
			isa = PBXGroup;
			children = (
				3847511D25FF8962001DB3B9 /* LaunchScreen.storyboard */,
				38C481412600CA0E00C7B882 /* LoginSignup.storyboard */,
				3847512225FF8CAE001DB3B9 /* Home.storyboard */,
			);
			path = Storyboards;
			sourceTree = "<group>";
		};
		3847512725FF8CF6001DB3B9 /* Resources */ = {
			isa = PBXGroup;
			children = (
				9E31595023995D0100F78662 /* Assets.xcassets */,
				9E31595523995D0100F78662 /* Info.plist */,
				9E1CE305239FEA25008119E2 /* ReadMe.md */,
			);
			path = Resources;
			sourceTree = "<group>";
		};
		3847512825FF8D36001DB3B9 /* AppDelegate */ = {
			isa = PBXGroup;
			children = (
				9E31594923995CFD00F78662 /* AppDelegate.swift */,
			);
			path = AppDelegate;
			sourceTree = "<group>";
		};
		3847512925FF8D47001DB3B9 /* Controllers */ = {
			isa = PBXGroup;
			children = (
				38497F1F2603712600485D96 /* RootNavigator */,
				38C481322600A45600C7B882 /* LanguageSelectionViewController.swift */,
				38C481472600CB8E00C7B882 /* LoginViewController.swift */,
				9E31595E2399622B00F78662 /* HomeViewController.swift */,
			);
			path = Controllers;
			sourceTree = "<group>";
		};
		3847512B25FF8EBA001DB3B9 /* LocalizationFiles */ = {
			isa = PBXGroup;
			children = (
				3847517B260097CB001DB3B9 /* StringFiles */,
				9E3159622399648B00F78662 /* HWLocalization.swift */,
				9E315966239965F000F78662 /* HWLocalizationManager.swift */,
				9E31596A239967E900F78662 /* LanguageController.swift */,
				9E31596B239967E900F78662 /* LanguagePickerView.swift */,
				9E3159702399699000F78662 /* HWLanguageServiceManager.swift */,
			);
			path = LocalizationFiles;
			sourceTree = "<group>";
		};
		3847513A26006725001DB3B9 /* HomeTableCells */ = {
			isa = PBXGroup;
			children = (
				3847513E26006805001DB3B9 /* HomeListingCell.xib */,
				3847513B26006741001DB3B9 /* HomeListingCell.swift */,
			);
			path = HomeTableCells;
			sourceTree = "<group>";
		};
		3847514126006C4B001DB3B9 /* Models */ = {
			isa = PBXGroup;
			children = (
				38497F3126046D3600485D96 /* Login */,
				38497F2B26046D3100485D96 /* UsersList */,
			);
			path = Models;
			sourceTree = "<group>";
		};
		38475159260082CB001DB3B9 /* ServerRequest */ = {
			isa = PBXGroup;
			children = (
				38475175260082F9001DB3B9 /* Apis.swift */,
				3847515A260082CB001DB3B9 /* RequestGenerator */,
				3847515E260082CB001DB3B9 /* Helper */,
				38475164260082CB001DB3B9 /* Router */,
			);
			path = ServerRequest;
			sourceTree = "<group>";
		};
		3847515A260082CB001DB3B9 /* RequestGenerator */ = {
			isa = PBXGroup;
			children = (
				3847515B260082CB001DB3B9 /* RequestComposer.swift */,
				3847515C260082CB001DB3B9 /* Request.swift */,
				3847515D260082CB001DB3B9 /* RequestComposerProtocol.swift */,
			);
			path = RequestGenerator;
			sourceTree = "<group>";
		};
		3847515E260082CB001DB3B9 /* Helper */ = {
			isa = PBXGroup;
			children = (
				3847515F260082CB001DB3B9 /* Query.swift */,
				38475160260082CB001DB3B9 /* NetworkingError.swift */,
				38475161260082CB001DB3B9 /* JSONEncryptor.swift */,
				38475162260082CB001DB3B9 /* HTTPMethod.swift */,
				38475163260082CB001DB3B9 /* API.swift */,
			);
			path = Helper;
			sourceTree = "<group>";
		};
		38475164260082CB001DB3B9 /* Router */ = {
			isa = PBXGroup;
			children = (
				38475165260082CB001DB3B9 /* Router.swift */,
				38475166260082CB001DB3B9 /* RouterProtocol.swift */,
			);
			path = Router;
			sourceTree = "<group>";
		};
		3847517B260097CB001DB3B9 /* StringFiles */ = {
			isa = PBXGroup;
			children = (
				9E1CE301239FD51B008119E2 /* de.lproj */,
				9E1CE2FA239FC66C008119E2 /* en.lproj */,
			);
			path = StringFiles;
			sourceTree = "<group>";
		};
		3847517C260097F0001DB3B9 /* Helpers */ = {
			isa = PBXGroup;
			children = (
				38C481452600CB6500C7B882 /* Constants */,
				38C4812E2600A39B00C7B882 /* Extensions */,
				38475159260082CB001DB3B9 /* ServerRequest */,
				3847512B25FF8EBA001DB3B9 /* LocalizationFiles */,
			);
			path = Helpers;
			sourceTree = "<group>";
		};
		38497F1F2603712600485D96 /* RootNavigator */ = {
			isa = PBXGroup;
			children = (
				38497F202603712600485D96 /* NavigationController.swift */,
			);
			path = RootNavigator;
			sourceTree = "<group>";
		};
		38497F2B26046D3100485D96 /* UsersList */ = {
			isa = PBXGroup;
			children = (
				38497F2D26046D3100485D96 /* UsersListBase.swift */,
				38497F2C26046D3100485D96 /* UserData.swift */,
			);
			path = UsersList;
			sourceTree = "<group>";
		};
		38497F3126046D3600485D96 /* Login */ = {
			isa = PBXGroup;
			children = (
				38497F1926036BC100485D96 /* Login.swift */,
			);
			path = Login;
			sourceTree = "<group>";
		};
		38497F3626049B4A00485D96 /* Loader */ = {
			isa = PBXGroup;
			children = (
				38497F3726049B5D00485D96 /* Loader.swift */,
			);
			path = Loader;
			sourceTree = "<group>";
		};
		3875D1112609C288009FC464 /* HoneyWellLocalizationTests */ = {
			isa = PBXGroup;
			children = (
				3875D11F2609D7AB009FC464 /* HoneyWellLocalizationUITests.swift */,
				3875D1122609C288009FC464 /* HoneyWellLocalizationTests.swift */,
				3875D1142609C288009FC464 /* Info.plist */,
			);
			path = HoneyWellLocalizationTests;
			sourceTree = "<group>";
		};
		38C4812E2600A39B00C7B882 /* Extensions */ = {
			isa = PBXGroup;
			children = (
				38C481642601DA3A00C7B882 /* UITextField+Extensions.swift */,
				38C4814F2600EE1D00C7B882 /* UITableView+Extension.swift */,
				38C4816E2601DD6100C7B882 /* UIViewController+Extension.swift */,
				38C4813A2600C2E100C7B882 /* Storyboard+Extension.swift */,
				38C4814A2600D0AA00C7B882 /* String+Extension.swift */,
				38C4812F2600A3B000C7B882 /* UserDefaults+Extension.swift */,
				38C481352600A64700C7B882 /* UINavigationButton+Extension.swift */,
			);
			path = Extensions;
			sourceTree = "<group>";
		};
		38C481442600CA9700C7B882 /* Components */ = {
			isa = PBXGroup;
			children = (
				38497F3626049B4A00485D96 /* Loader */,
				3847513A26006725001DB3B9 /* HomeTableCells */,
			);
			path = Components;
			sourceTree = "<group>";
		};
		38C481452600CB6500C7B882 /* Constants */ = {
			isa = PBXGroup;
			children = (
				3847517D26009826001DB3B9 /* Constant.swift */,
				38C4815C2601C62300C7B882 /* Enums.swift */,
			);
			path = Constants;
			sourceTree = "<group>";
		};
		38C481572601C4A100C7B882 /* Business Layer */ = {
			isa = PBXGroup;
			children = (
				38C481592601C4E400C7B882 /* TableViewController.swift */,
				38C4816B2601DA8600C7B882 /* Validators.swift */,
			);
			path = "Business Layer";
			sourceTree = "<group>";
		};
		9E1CE2FA239FC66C008119E2 /* en.lproj */ = {
			isa = PBXGroup;
			children = (
				9E1CE2FB239FC67D008119E2 /* Localizable.strings */,
			);
			path = en.lproj;
			sourceTree = "<group>";
		};
		9E1CE301239FD51B008119E2 /* de.lproj */ = {
			isa = PBXGroup;
			children = (
				9E1CE302239FD51B008119E2 /* Localizable.strings */,
			);
			path = de.lproj;
			sourceTree = "<group>";
		};
		9E31593D23995CFC00F78662 = {
			isa = PBXGroup;
			children = (
				9E31594823995CFD00F78662 /* HoneyWellLocalization */,
				3875D1112609C288009FC464 /* HoneyWellLocalizationTests */,
				9E31594723995CFD00F78662 /* Products */,
			);
			sourceTree = "<group>";
		};
		9E31594723995CFD00F78662 /* Products */ = {
			isa = PBXGroup;
			children = (
				9E31594623995CFD00F78662 /* HoneyWellLocalization.app */,
				3875D1102609C288009FC464 /* HoneyWellLocalizationTests.xctest */,
			);
			name = Products;
			sourceTree = "<group>";
		};
		9E31594823995CFD00F78662 /* HoneyWellLocalization */ = {
			isa = PBXGroup;
			children = (
				3847512825FF8D36001DB3B9 /* AppDelegate */,
				3847512525FF8CB4001DB3B9 /* Storyboards */,
				3847512925FF8D47001DB3B9 /* Controllers */,
				3847514126006C4B001DB3B9 /* Models */,
				38C481572601C4A100C7B882 /* Business Layer */,
				38C481442600CA9700C7B882 /* Components */,
				3847517C260097F0001DB3B9 /* Helpers */,
				3847512725FF8CF6001DB3B9 /* Resources */,
			);
			path = HoneyWellLocalization;
			sourceTree = "<group>";
		};
/* End PBXGroup section */

/* Begin PBXNativeTarget section */
		3875D10F2609C288009FC464 /* HoneyWellLocalizationTests */ = {
			isa = PBXNativeTarget;
			buildConfigurationList = 3875D1172609C288009FC464 /* Build configuration list for PBXNativeTarget "HoneyWellLocalizationTests" */;
			buildPhases = (
				3875D10C2609C288009FC464 /* Sources */,
				3875D10D2609C288009FC464 /* Frameworks */,
				3875D10E2609C288009FC464 /* Resources */,
			);
			buildRules = (
			);
			dependencies = (
				3875D1162609C288009FC464 /* PBXTargetDependency */,
			);
			name = HoneyWellLocalizationTests;
			productName = HoneyWellLocalizationTests;
			productReference = 3875D1102609C288009FC464 /* HoneyWellLocalizationTests.xctest */;
			productType = "com.apple.product-type.bundle.unit-test";
		};
		9E31594523995CFD00F78662 /* HoneyWellLocalization */ = {
			isa = PBXNativeTarget;
			buildConfigurationList = 9E31595823995D0100F78662 /* Build configuration list for PBXNativeTarget "HoneyWellLocalization" */;
			buildPhases = (
				9E31594223995CFD00F78662 /* Sources */,
				9E31594323995CFD00F78662 /* Frameworks */,
				9E31594423995CFD00F78662 /* Resources */,
			);
			buildRules = (
			);
			dependencies = (
			);
			name = HoneyWellLocalization;
			productName = NextLevelLocalization;
			productReference = 9E31594623995CFD00F78662 /* HoneyWellLocalization.app */;
			productType = "com.apple.product-type.application";
		};
/* End PBXNativeTarget section */

/* Begin PBXProject section */
		9E31593E23995CFC00F78662 /* Project object */ = {
			isa = PBXProject;
			attributes = {
				LastSwiftUpdateCheck = 1200;
				LastUpgradeCheck = 1020;
				ORGANIZATIONNAME = AIT;
				TargetAttributes = {
					3875D10F2609C288009FC464 = {
						CreatedOnToolsVersion = 12.0;
						TestTargetID = 9E31594523995CFD00F78662;
					};
					9E31594523995CFD00F78662 = {
						CreatedOnToolsVersion = 10.2.1;
					};
				};
			};
			buildConfigurationList = 9E31594123995CFC00F78662 /* Build configuration list for PBXProject "HoneyWellLocalization" */;
			compatibilityVersion = "Xcode 9.3";
			developmentRegion = en;
			hasScannedForEncodings = 0;
			knownRegions = (
				en,
				Base,
				ta,
				hi,
				"de-CH",
				de,
			);
			mainGroup = 9E31593D23995CFC00F78662;
			productRefGroup = 9E31594723995CFD00F78662 /* Products */;
			projectDirPath = "";
			projectRoot = "";
			targets = (
				9E31594523995CFD00F78662 /* HoneyWellLocalization */,
				3875D10F2609C288009FC464 /* HoneyWellLocalizationTests */,
			);
		};
/* End PBXProject section */

/* Begin PBXResourcesBuildPhase section */
		3875D10E2609C288009FC464 /* Resources */ = {
			isa = PBXResourcesBuildPhase;
			buildActionMask = 2147483647;
			files = (
			);
			runOnlyForDeploymentPostprocessing = 0;
		};
		9E31594423995CFD00F78662 /* Resources */ = {
			isa = PBXResourcesBuildPhase;
			buildActionMask = 2147483647;
			files = (
				3847513F26006805001DB3B9 /* HomeListingCell.xib in Resources */,
				9E1CE304239FD51B008119E2 /* Localizable.strings in Resources */,
				3847511E25FF8962001DB3B9 /* LaunchScreen.storyboard in Resources */,
				9E31595123995D0100F78662 /* Assets.xcassets in Resources */,
				38C481422600CA0E00C7B882 /* LoginSignup.storyboard in Resources */,
				9E1CE2FD239FC67D008119E2 /* Localizable.strings in Resources */,
				9E1CE306239FEA26008119E2 /* ReadMe.md in Resources */,
				3847512325FF8CAE001DB3B9 /* Home.storyboard in Resources */,
			);
			runOnlyForDeploymentPostprocessing = 0;
		};
/* End PBXResourcesBuildPhase section */

/* Begin PBXSourcesBuildPhase section */
		3875D10C2609C288009FC464 /* Sources */ = {
			isa = PBXSourcesBuildPhase;
			buildActionMask = 2147483647;
			files = (
				3875D1202609D7AB009FC464 /* HoneyWellLocalizationUITests.swift in Sources */,
				3875D1132609C288009FC464 /* HoneyWellLocalizationTests.swift in Sources */,
			);
			runOnlyForDeploymentPostprocessing = 0;
		};
		9E31594223995CFD00F78662 /* Sources */ = {
			isa = PBXSourcesBuildPhase;
			buildActionMask = 2147483647;
			files = (
				38C481302600A3B000C7B882 /* UserDefaults+Extension.swift in Sources */,
				9E315967239965F000F78662 /* HWLocalizationManager.swift in Sources */,
				38475167260082CB001DB3B9 /* RequestComposer.swift in Sources */,
				38C481362600A64700C7B882 /* UINavigationButton+Extension.swift in Sources */,
				38C4816C2601DA8600C7B882 /* Validators.swift in Sources */,
				38497F212603712600485D96 /* NavigationController.swift in Sources */,
				9E31596D239967E900F78662 /* LanguagePickerView.swift in Sources */,
				38C4814B2600D0AA00C7B882 /* String+Extension.swift in Sources */,
				38475176260082F9001DB3B9 /* Apis.swift in Sources */,
				38C481652601DA3A00C7B882 /* UITextField+Extensions.swift in Sources */,
				9E31594A23995CFD00F78662 /* AppDelegate.swift in Sources */,
				38C481332600A45600C7B882 /* LanguageSelectionViewController.swift in Sources */,
				38C4815A2601C4E400C7B882 /* TableViewController.swift in Sources */,
				38C4816F2601DD6100C7B882 /* UIViewController+Extension.swift in Sources */,
				3847516F260082CB001DB3B9 /* Router.swift in Sources */,
				38475168260082CB001DB3B9 /* Request.swift in Sources */,
				3847513C26006741001DB3B9 /* HomeListingCell.swift in Sources */,
				38475170260082CB001DB3B9 /* RouterProtocol.swift in Sources */,
				9E3159632399648B00F78662 /* HWLocalization.swift in Sources */,
				3847516C260082CB001DB3B9 /* JSONEncryptor.swift in Sources */,
				3847516A260082CB001DB3B9 /* Query.swift in Sources */,
				38497F2E26046D3100485D96 /* UserData.swift in Sources */,
				9E3159602399622B00F78662 /* HomeViewController.swift in Sources */,
				3847517E26009827001DB3B9 /* Constant.swift in Sources */,
				38C4813B2600C2E100C7B882 /* Storyboard+Extension.swift in Sources */,
				3847516B260082CB001DB3B9 /* NetworkingError.swift in Sources */,
				38C4815D2601C62300C7B882 /* Enums.swift in Sources */,
				3847516D260082CB001DB3B9 /* HTTPMethod.swift in Sources */,
				9E31596C239967E900F78662 /* LanguageController.swift in Sources */,
				38497F2F26046D3100485D96 /* UsersListBase.swift in Sources */,
				38C481502600EE1D00C7B882 /* UITableView+Extension.swift in Sources */,
				38497F1A26036BC100485D96 /* Login.swift in Sources */,
				9E3159712399699000F78662 /* HWLanguageServiceManager.swift in Sources */,
				3847516E260082CB001DB3B9 /* API.swift in Sources */,
				38497F3826049B5D00485D96 /* Loader.swift in Sources */,
				38C481482600CB8E00C7B882 /* LoginViewController.swift in Sources */,
				38475169260082CB001DB3B9 /* RequestComposerProtocol.swift in Sources */,
			);
			runOnlyForDeploymentPostprocessing = 0;
		};
/* End PBXSourcesBuildPhase section */

/* Begin PBXTargetDependency section */
		3875D1162609C288009FC464 /* PBXTargetDependency */ = {
			isa = PBXTargetDependency;
			target = 9E31594523995CFD00F78662 /* HoneyWellLocalization */;
			targetProxy = 3875D1152609C288009FC464 /* PBXContainerItemProxy */;
		};
/* End PBXTargetDependency section */

/* Begin PBXVariantGroup section */
		9E1CE2FB239FC67D008119E2 /* Localizable.strings */ = {
			isa = PBXVariantGroup;
			children = (
				9E1CE2FC239FC67D008119E2 /* en */,
			);
			name = Localizable.strings;
			sourceTree = "<group>";
		};
		9E1CE302239FD51B008119E2 /* Localizable.strings */ = {
			isa = PBXVariantGroup;
			children = (
				9E1CE303239FD51B008119E2 /* hi */,
			);
			name = Localizable.strings;
			sourceTree = "<group>";
		};
/* End PBXVariantGroup section */

/* Begin XCBuildConfiguration section */
		3875D1182609C288009FC464 /* Debug */ = {
			isa = XCBuildConfiguration;
			buildSettings = {
				BUNDLE_LOADER = "$(TEST_HOST)";
				CLANG_WARN_QUOTED_INCLUDE_IN_FRAMEWORK_HEADER = YES;
				CODE_SIGN_STYLE = Automatic;
				INFOPLIST_FILE = HoneyWellLocalizationTests/Info.plist;
				IPHONEOS_DEPLOYMENT_TARGET = 14.0;
				LD_RUNPATH_SEARCH_PATHS = (
					"$(inherited)",
					"@executable_path/Frameworks",
					"@loader_path/Frameworks",
				);
				PRODUCT_BUNDLE_IDENTIFIER = com.zonetech.health37.HoneyWellLocalizationTests;
				PRODUCT_NAME = "$(TARGET_NAME)";
				SWIFT_VERSION = 5.0;
				TARGETED_DEVICE_FAMILY = "1,2";
				TEST_HOST = "$(BUILT_PRODUCTS_DIR)/HoneyWellLocalization.app/HoneyWellLocalization";
			};
			name = Debug;
		};
		3875D1192609C288009FC464 /* Release */ = {
			isa = XCBuildConfiguration;
			buildSettings = {
				BUNDLE_LOADER = "$(TEST_HOST)";
				CLANG_WARN_QUOTED_INCLUDE_IN_FRAMEWORK_HEADER = YES;
				CODE_SIGN_STYLE = Automatic;
				INFOPLIST_FILE = HoneyWellLocalizationTests/Info.plist;
				IPHONEOS_DEPLOYMENT_TARGET = 14.0;
				LD_RUNPATH_SEARCH_PATHS = (
					"$(inherited)",
					"@executable_path/Frameworks",
					"@loader_path/Frameworks",
				);
				PRODUCT_BUNDLE_IDENTIFIER = com.zonetech.health37.HoneyWellLocalizationTests;
				PRODUCT_NAME = "$(TARGET_NAME)";
				SWIFT_VERSION = 5.0;
				TARGETED_DEVICE_FAMILY = "1,2";
				TEST_HOST = "$(BUILT_PRODUCTS_DIR)/HoneyWellLocalization.app/HoneyWellLocalization";
			};
			name = Release;
		};
		9E31595623995D0100F78662 /* Debug */ = {
			isa = XCBuildConfiguration;
			buildSettings = {
				ALWAYS_SEARCH_USER_PATHS = NO;
				CLANG_ANALYZER_NONNULL = YES;
				CLANG_ANALYZER_NUMBER_OBJECT_CONVERSION = YES_AGGRESSIVE;
				CLANG_CXX_LANGUAGE_STANDARD = "gnu++14";
				CLANG_CXX_LIBRARY = "libc++";
				CLANG_ENABLE_MODULES = YES;
				CLANG_ENABLE_OBJC_ARC = YES;
				CLANG_ENABLE_OBJC_WEAK = YES;
				CLANG_WARN_BLOCK_CAPTURE_AUTORELEASING = YES;
				CLANG_WARN_BOOL_CONVERSION = YES;
				CLANG_WARN_COMMA = YES;
				CLANG_WARN_CONSTANT_CONVERSION = YES;
				CLANG_WARN_DEPRECATED_OBJC_IMPLEMENTATIONS = YES;
				CLANG_WARN_DIRECT_OBJC_ISA_USAGE = YES_ERROR;
				CLANG_WARN_DOCUMENTATION_COMMENTS = YES;
				CLANG_WARN_EMPTY_BODY = YES;
				CLANG_WARN_ENUM_CONVERSION = YES;
				CLANG_WARN_INFINITE_RECURSION = YES;
				CLANG_WARN_INT_CONVERSION = YES;
				CLANG_WARN_NON_LITERAL_NULL_CONVERSION = YES;
				CLANG_WARN_OBJC_IMPLICIT_RETAIN_SELF = YES;
				CLANG_WARN_OBJC_LITERAL_CONVERSION = YES;
				CLANG_WARN_OBJC_ROOT_CLASS = YES_ERROR;
				CLANG_WARN_RANGE_LOOP_ANALYSIS = YES;
				CLANG_WARN_STRICT_PROTOTYPES = YES;
				CLANG_WARN_SUSPICIOUS_MOVE = YES;
				CLANG_WARN_UNGUARDED_AVAILABILITY = YES_AGGRESSIVE;
				CLANG_WARN_UNREACHABLE_CODE = YES;
				CLANG_WARN__DUPLICATE_METHOD_MATCH = YES;
				CODE_SIGN_IDENTITY = "iPhone Developer";
				COPY_PHASE_STRIP = NO;
				DEBUG_INFORMATION_FORMAT = dwarf;
				ENABLE_STRICT_OBJC_MSGSEND = YES;
				ENABLE_TESTABILITY = YES;
				GCC_C_LANGUAGE_STANDARD = gnu11;
				GCC_DYNAMIC_NO_PIC = NO;
				GCC_NO_COMMON_BLOCKS = YES;
				GCC_OPTIMIZATION_LEVEL = 0;
				GCC_PREPROCESSOR_DEFINITIONS = (
					"DEBUG=1",
					"$(inherited)",
				);
				GCC_WARN_64_TO_32_BIT_CONVERSION = YES;
				GCC_WARN_ABOUT_RETURN_TYPE = YES_ERROR;
				GCC_WARN_UNDECLARED_SELECTOR = YES;
				GCC_WARN_UNINITIALIZED_AUTOS = YES_AGGRESSIVE;
				GCC_WARN_UNUSED_FUNCTION = YES;
				GCC_WARN_UNUSED_VARIABLE = YES;
				IPHONEOS_DEPLOYMENT_TARGET = 12.2;
				MTL_ENABLE_DEBUG_INFO = INCLUDE_SOURCE;
				MTL_FAST_MATH = YES;
				ONLY_ACTIVE_ARCH = YES;
				SDKROOT = iphoneos;
				SWIFT_ACTIVE_COMPILATION_CONDITIONS = DEBUG;
				SWIFT_OPTIMIZATION_LEVEL = "-Onone";
			};
			name = Debug;
		};
		9E31595723995D0100F78662 /* Release */ = {
			isa = XCBuildConfiguration;
			buildSettings = {
				ALWAYS_SEARCH_USER_PATHS = NO;
				CLANG_ANALYZER_NONNULL = YES;
				CLANG_ANALYZER_NUMBER_OBJECT_CONVERSION = YES_AGGRESSIVE;
				CLANG_CXX_LANGUAGE_STANDARD = "gnu++14";
				CLANG_CXX_LIBRARY = "libc++";
				CLANG_ENABLE_MODULES = YES;
				CLANG_ENABLE_OBJC_ARC = YES;
				CLANG_ENABLE_OBJC_WEAK = YES;
				CLANG_WARN_BLOCK_CAPTURE_AUTORELEASING = YES;
				CLANG_WARN_BOOL_CONVERSION = YES;
				CLANG_WARN_COMMA = YES;
				CLANG_WARN_CONSTANT_CONVERSION = YES;
				CLANG_WARN_DEPRECATED_OBJC_IMPLEMENTATIONS = YES;
				CLANG_WARN_DIRECT_OBJC_ISA_USAGE = YES_ERROR;
				CLANG_WARN_DOCUMENTATION_COMMENTS = YES;
				CLANG_WARN_EMPTY_BODY = YES;
				CLANG_WARN_ENUM_CONVERSION = YES;
				CLANG_WARN_INFINITE_RECURSION = YES;
				CLANG_WARN_INT_CONVERSION = YES;
				CLANG_WARN_NON_LITERAL_NULL_CONVERSION = YES;
				CLANG_WARN_OBJC_IMPLICIT_RETAIN_SELF = YES;
				CLANG_WARN_OBJC_LITERAL_CONVERSION = YES;
				CLANG_WARN_OBJC_ROOT_CLASS = YES_ERROR;
				CLANG_WARN_RANGE_LOOP_ANALYSIS = YES;
				CLANG_WARN_STRICT_PROTOTYPES = YES;
				CLANG_WARN_SUSPICIOUS_MOVE = YES;
				CLANG_WARN_UNGUARDED_AVAILABILITY = YES_AGGRESSIVE;
				CLANG_WARN_UNREACHABLE_CODE = YES;
				CLANG_WARN__DUPLICATE_METHOD_MATCH = YES;
				CODE_SIGN_IDENTITY = "iPhone Developer";
				COPY_PHASE_STRIP = NO;
				DEBUG_INFORMATION_FORMAT = "dwarf-with-dsym";
				ENABLE_NS_ASSERTIONS = NO;
				ENABLE_STRICT_OBJC_MSGSEND = YES;
				GCC_C_LANGUAGE_STANDARD = gnu11;
				GCC_NO_COMMON_BLOCKS = YES;
				GCC_WARN_64_TO_32_BIT_CONVERSION = YES;
				GCC_WARN_ABOUT_RETURN_TYPE = YES_ERROR;
				GCC_WARN_UNDECLARED_SELECTOR = YES;
				GCC_WARN_UNINITIALIZED_AUTOS = YES_AGGRESSIVE;
				GCC_WARN_UNUSED_FUNCTION = YES;
				GCC_WARN_UNUSED_VARIABLE = YES;
				IPHONEOS_DEPLOYMENT_TARGET = 12.2;
				MTL_ENABLE_DEBUG_INFO = NO;
				MTL_FAST_MATH = YES;
				SDKROOT = iphoneos;
				SWIFT_COMPILATION_MODE = wholemodule;
				SWIFT_OPTIMIZATION_LEVEL = "-O";
				VALIDATE_PRODUCT = YES;
			};
			name = Release;
		};
		9E31595923995D0100F78662 /* Debug */ = {
			isa = XCBuildConfiguration;
			buildSettings = {
				ASSETCATALOG_COMPILER_APPICON_NAME = AppIcon;
				CODE_SIGN_STYLE = Automatic;
				DEVELOPMENT_TEAM = 478VRE34HP;
				INFOPLIST_FILE = HoneyWellLocalization/Resources/Info.plist;
				IPHONEOS_DEPLOYMENT_TARGET = 10.0;
				LD_RUNPATH_SEARCH_PATHS = (
					"$(inherited)",
					"@executable_path/Frameworks",
				);
				PRODUCT_BUNDLE_IDENTIFIER = com.zonetech.health37;
				PRODUCT_NAME = "$(TARGET_NAME)";
				SWIFT_VERSION = 4.0;
				TARGETED_DEVICE_FAMILY = "1,2";
			};
			name = Debug;
		};
		9E31595A23995D0100F78662 /* Release */ = {
			isa = XCBuildConfiguration;
			buildSettings = {
				ASSETCATALOG_COMPILER_APPICON_NAME = AppIcon;
				CODE_SIGN_STYLE = Automatic;
				DEVELOPMENT_TEAM = 478VRE34HP;
				INFOPLIST_FILE = HoneyWellLocalization/Resources/Info.plist;
				IPHONEOS_DEPLOYMENT_TARGET = 10.0;
				LD_RUNPATH_SEARCH_PATHS = (
					"$(inherited)",
					"@executable_path/Frameworks",
				);
				PRODUCT_BUNDLE_IDENTIFIER = com.zonetech.health37;
				PRODUCT_NAME = "$(TARGET_NAME)";
				SWIFT_VERSION = 4.0;
				TARGETED_DEVICE_FAMILY = "1,2";
			};
			name = Release;
		};
/* End XCBuildConfiguration section */

/* Begin XCConfigurationList section */
		3875D1172609C288009FC464 /* Build configuration list for PBXNativeTarget "HoneyWellLocalizationTests" */ = {
			isa = XCConfigurationList;
			buildConfigurations = (
				3875D1182609C288009FC464 /* Debug */,
				3875D1192609C288009FC464 /* Release */,
			);
			defaultConfigurationIsVisible = 0;
			defaultConfigurationName = Release;
		};
		9E31594123995CFC00F78662 /* Build configuration list for PBXProject "HoneyWellLocalization" */ = {
			isa = XCConfigurationList;
			buildConfigurations = (
				9E31595623995D0100F78662 /* Debug */,
				9E31595723995D0100F78662 /* Release */,
			);
			defaultConfigurationIsVisible = 0;
			defaultConfigurationName = Release;
		};
		9E31595823995D0100F78662 /* Build configuration list for PBXNativeTarget "HoneyWellLocalization" */ = {
			isa = XCConfigurationList;
			buildConfigurations = (
				9E31595923995D0100F78662 /* Debug */,
				9E31595A23995D0100F78662 /* Release */,
			);
			defaultConfigurationIsVisible = 0;
			defaultConfigurationName = Release;
		};
/* End XCConfigurationList section */
	};
	rootObject = 9E31593E23995CFC00F78662 /* Project object */;
}
